
Microsoft Visual Studio Solution File, Format Version 12.00
# Visual Studio 15
VisualStudioVersion = 15.0.28010.2016
MinimumVisualStudioVersion = 10.0.40219.1
Project("{FAE04EC0-301F-11D3-BF4B-00C04F79EFBC}") = "Snake", "Snake\Snake.csproj", "{488E2804-D770-4BCC-8225-DA4B7DE4368B}"
EndProject
Global
	GlobalSection(SolutionConfigurationPlatforms) = preSolution
		Debug|Any CPU = Debug|Any CPU
		Release|Any CPU = Release|Any CPU
	EndGlobalSection
	GlobalSection(ProjectConfigurationPlatforms) = postSolution
		{488E2804-D770-4BCC-8225-DA4B7DE4368B}.Debug|Any CPU.ActiveCfg = Debug|Any CPU
		{488E2804-D770-4BCC-8225-DA4B7DE4368B}.Debug|Any CPU.Build.0 = Debug|Any CPU
		{488E2804-D770-4BCC-8225-DA4B7DE4368B}.Release|Any CPU.ActiveCfg = Release|Any CPU
		{488E2804-D770-4BCC-8225-DA4B7DE4368B}.Release|Any CPU.Build.0 = Release|Any CPU
	EndGlobalSection
	GlobalSection(SolutionProperties) = preSolution
		HideSolutionNode = FALSE
	EndGlobalSection
	GlobalSection(ExtensibilityGlobals) = postSolution
		SolutionGuid = {7A7A0F3D-1D11-4D81-A851-F951F6076C9A}
	EndGlobalSection
EndGlobal
